
Microsoft Visual Studio Solution File, Format Version 12.00
# Visual Studio 2013
VisualStudioVersion = 12.0.21005.1
MinimumVisualStudioVersion = 10.0.40219.1
Project("{8BC9CEB8-8B4A-11D0-8D11-00A0C91BC942}") = "AKwB_Project_ZADIII", "AKwB_Project_ZADIII\AKwB_Project_ZADIII.vcxproj", "{F4A03974-F622-4034-8768-33959A2FCF63}"
EndProject
Global
	GlobalSection(SolutionConfigurationPlatforms) = preSolution
		Debug|Win32 = Debug|Win32
		Release|Win32 = Release|Win32
	EndGlobalSection
	GlobalSection(ProjectConfigurationPlatforms) = postSolution
		{F4A03974-F622-4034-8768-33959A2FCF63}.Debug|Win32.ActiveCfg = Debug|Win32
		{F4A03974-F622-4034-8768-33959A2FCF63}.Debug|Win32.Build.0 = Debug|Win32
		{F4A03974-F622-4034-8768-33959A2FCF63}.Release|Win32.ActiveCfg = Release|Win32
		{F4A03974-F622-4034-8768-33959A2FCF63}.Release|Win32.Build.0 = Release|Win32
	EndGlobalSection
	GlobalSection(SolutionProperties) = preSolution
		HideSolutionNode = FALSE
	EndGlobalSection
EndGlobal
